
Microsoft Visual Studio Solution File, Format Version 12.00
# Visual Studio Version 17
VisualStudioVersion = 17.3.32901.215
MinimumVisualStudioVersion = 10.0.40219.1
Project("{FAE04EC0-301F-11D3-BF4B-00C04F79EFBC}") = "FotbollsStatReworkedOOP", "FotbollsStatReworkedOOP\FotbollsStatReworkedOOP.csproj", "{55FE0C2B-7F16-4226-98E0-12AF4D264676}"
EndProject
Global
	GlobalSection(SolutionConfigurationPlatforms) = preSolution
		Debug|Any CPU = Debug|Any CPU
		Release|Any CPU = Release|Any CPU
	EndGlobalSection
	GlobalSection(ProjectConfigurationPlatforms) = postSolution
		{55FE0C2B-7F16-4226-98E0-12AF4D264676}.Debug|Any CPU.ActiveCfg = Debug|Any CPU
		{55FE0C2B-7F16-4226-98E0-12AF4D264676}.Debug|Any CPU.Build.0 = Debug|Any CPU
		{55FE0C2B-7F16-4226-98E0-12AF4D264676}.Release|Any CPU.ActiveCfg = Release|Any CPU
		{55FE0C2B-7F16-4226-98E0-12AF4D264676}.Release|Any CPU.Build.0 = Release|Any CPU
	EndGlobalSection
	GlobalSection(SolutionProperties) = preSolution
		HideSolutionNode = FALSE
	EndGlobalSection
	GlobalSection(ExtensibilityGlobals) = postSolution
		SolutionGuid = {0F9F22F2-1516-4658-BACB-740BF2E265A3}
	EndGlobalSection
EndGlobal
